
Microsoft Visual Studio Solution File, Format Version 12.00
# Visual Studio Version 17
VisualStudioVersion = 17.14.36705.20 d17.14
MinimumVisualStudioVersion = 10.0.40219.1
Project("{FAE04EC0-301F-11D3-BF4B-00C04F79EFBC}") = "Blog.MVC", "Blog.MVC\Blog.MVC.csproj", "{72FEB153-0DBB-4A30-8440-E432A90FAD8A}"
EndProject
Project("{FAE04EC0-301F-11D3-BF4B-00C04F79EFBC}") = "Blog.Domain", "Blog.Domain\Blog.Domain.csproj", "{4141FA23-C094-4963-BD74-8DA05213F951}"
EndProject
Project("{FAE04EC0-301F-11D3-BF4B-00C04F79EFBC}") = "Blog.Application", "Blog.Application\Blog.Application.csproj", "{CD3939AE-31C0-479E-A545-6C9033E36DF6}"
EndProject
Project("{FAE04EC0-301F-11D3-BF4B-00C04F79EFBC}") = "Blog.Infrastructure", "Blog.Infrastructure\Blog.Infrastructure.csproj", "{F02EF8BB-5FC2-40B3-850A-29440BA2642C}"
EndProject
Global
	GlobalSection(SolutionConfigurationPlatforms) = preSolution
		Debug|Any CPU = Debug|Any CPU
		Release|Any CPU = Release|Any CPU
	EndGlobalSection
	GlobalSection(ProjectConfigurationPlatforms) = postSolution
		{72FEB153-0DBB-4A30-8440-E432A90FAD8A}.Debug|Any CPU.ActiveCfg = Debug|Any CPU
		{72FEB153-0DBB-4A30-8440-E432A90FAD8A}.Debug|Any CPU.Build.0 = Debug|Any CPU
		{72FEB153-0DBB-4A30-8440-E432A90FAD8A}.Release|Any CPU.ActiveCfg = Release|Any CPU
		{72FEB153-0DBB-4A30-8440-E432A90FAD8A}.Release|Any CPU.Build.0 = Release|Any CPU
		{4141FA23-C094-4963-BD74-8DA05213F951}.Debug|Any CPU.ActiveCfg = Debug|Any CPU
		{4141FA23-C094-4963-BD74-8DA05213F951}.Debug|Any CPU.Build.0 = Debug|Any CPU
		{4141FA23-C094-4963-BD74-8DA05213F951}.Release|Any CPU.ActiveCfg = Release|Any CPU
		{4141FA23-C094-4963-BD74-8DA05213F951}.Release|Any CPU.Build.0 = Release|Any CPU
		{CD3939AE-31C0-479E-A545-6C9033E36DF6}.Debug|Any CPU.ActiveCfg = Debug|Any CPU
		{CD3939AE-31C0-479E-A545-6C9033E36DF6}.Debug|Any CPU.Build.0 = Debug|Any CPU
		{CD3939AE-31C0-479E-A545-6C9033E36DF6}.Release|Any CPU.ActiveCfg = Release|Any CPU
		{CD3939AE-31C0-479E-A545-6C9033E36DF6}.Release|Any CPU.Build.0 = Release|Any CPU
		{F02EF8BB-5FC2-40B3-850A-29440BA2642C}.Debug|Any CPU.ActiveCfg = Debug|Any CPU
		{F02EF8BB-5FC2-40B3-850A-29440BA2642C}.Debug|Any CPU.Build.0 = Debug|Any CPU
		{F02EF8BB-5FC2-40B3-850A-29440BA2642C}.Release|Any CPU.ActiveCfg = Release|Any CPU
		{F02EF8BB-5FC2-40B3-850A-29440BA2642C}.Release|Any CPU.Build.0 = Release|Any CPU
	EndGlobalSection
	GlobalSection(SolutionProperties) = preSolution
		HideSolutionNode = FALSE
	EndGlobalSection
	GlobalSection(ExtensibilityGlobals) = postSolution
		SolutionGuid = {6156161A-1E13-4015-AAEA-34744A6B8F33}
	EndGlobalSection
EndGlobal
